{
  "name": "@kws3/kws-starter",
  "version": "0.0.1",
  "lockfileVersion": 1,
  "requires": true,
  "dependencies": {
    "ansi-colors": {
      "version": "3.2.4",
      "resolved": "https://registry.npmjs.org/ansi-colors/-/ansi-colors-3.2.4.tgz",
      "integrity": "sha512-hHUXGagefjN2iRrID63xckIvotOXOojhQKWIPUZ4mNUZ9nLZW+7FMNoE1lOkEhNWYsx/7ysGIuJYCiMAA9FnrA=="
    },
    "degit": {
      "version": "2.8.0",
      "resolved": "https://registry.npmjs.org/degit/-/degit-2.8.0.tgz",
      "integrity": "sha512-nxQr1Ep4NSGDIqQ3HSMNgnPYaxPfPhHdrpgSNO2EczO86zN7NJJ1i/59GM25vgC45ANQUazZ/3Z+iyeZCmGwhg=="
    },
    "enquirer": {
      "version": "2.3.5",
      "resolved": "https://registry.npmjs.org/enquirer/-/enquirer-2.3.5.tgz",
      "integrity": "sha512-BNT1C08P9XD0vNg3J475yIUG+mVdp9T6towYFHUv897X0KoHBjB1shyrNmhmtHWKP17iSWgo7Gqh7BBuzLZMSA==",
      "requires": {
        "ansi-colors": "^3.2.1"
      }
    },
    "mri": {
      "version": "1.1.5",
      "resolved": "https://registry.npmjs.org/mri/-/mri-1.1.5.tgz",
      "integrity": "sha512-d2RKzMD4JNyHMbnbWnznPaa8vbdlq/4pNZ3IgdaGrVbBhebBsGUUE/6qorTMYNS6TwuH3ilfOlD2bf4Igh8CKg=="
    },
    "sade": {
      "version": "1.7.3",
      "resolved": "https://registry.npmjs.org/sade/-/sade-1.7.3.tgz",
      "integrity": "sha512-m4BctppMvJ60W1dXnHq7jMmFe3hPJZDAH85kQ3ACTo7XZNVUuTItCQ+2HfyaMeV5cKrbw7l4vD/6We3GBxvdJw==",
      "requires": {
        "mri": "^1.1.0"
      }
    }
  }
}
