{
  "name": "@kws3/timepicker",
  "version": "0.0.0",
  "lockfileVersion": 1,
  "requires": true,
  "dependencies": {
    "flatpickr": {
      "version": "3.1.5",
      "resolved": "https://registry.npmjs.org/flatpickr/-/flatpickr-3.1.5.tgz",
      "integrity": "sha512-TvoJmb13WIgxyZ/QrdnrOC8Wn+ZbHJHGaqBBMyReVi6gjeD9fgS9mrltRlfxP3aAsrqtHEzExWOEcJqGJGxBnw=="
    }
  }
}
