{
  "name": "@kws3/sliding-panes",
  "version": "0.1.2",
  "lockfileVersion": 1,
  "requires": true,
  "dependencies": {
    "@kws3/utils": {
      "version": "0.5.2",
      "resolved": "https://npm.kws3.media/@kws3%2futils/-/utils-0.5.2.tgz",
      "integrity": "sha512-qi9cR1Xz/gMfslqqrHYDXeehj4SZ+4oTjNtYP5sjmMGNrXiPnR3qZNTPYO8WI+oy2iah5FTUN1NrEC01BcJ+7Q=="
    }
  }
}
