{
	"name": "@kws3/transitions",
	"version": "0.0.2",
	"lockfileVersion": 1,
	"requires": true,
	"dependencies": {
		"eases-jsnext": {
			"version": "1.0.10",
			"resolved": "https://registry.npmjs.org/eases-jsnext/-/eases-jsnext-1.0.10.tgz",
			"integrity": "sha512-1bO1+FIuqtOZpcyoIJuTnw8PU9X+RHHA248mZ1m+CPiiKFGCiNLWecITlhO4DXe7whZmBoJyfKwUoMW0KK5mNw=="
		},
		"svelte-transitions": {
			"version": "1.2.0",
			"resolved": "https://registry.npmjs.org/svelte-transitions/-/svelte-transitions-1.2.0.tgz",
			"integrity": "sha512-8KRhNi75bx7Z5s6kJMXv4s8mizwttktm//uA3CvVSBcvwI9tTgq4QXOiYjVRcyQBq/jfLpnnwT19h/WEI7ZF8Q==",
			"requires": {
				"svelte-transitions-draw": "^1.0.0",
				"svelte-transitions-fade": "^1.0.0",
				"svelte-transitions-fly": "^1.0.1",
				"svelte-transitions-slide": "^1.0.0"
			}
		},
		"svelte-transitions-draw": {
			"version": "1.0.0",
			"resolved": "https://registry.npmjs.org/svelte-transitions-draw/-/svelte-transitions-draw-1.0.0.tgz",
			"integrity": "sha512-yRE/Y8+kN492It7L4xX+WxPI31mO9CJG+asxxjhc8sAY4xf/HwtvY+rPyA/i5J7QqYsZvPoRubiZRHvVrQc5lw==",
			"requires": {
				"eases-jsnext": "^1.0.9"
			}
		},
		"svelte-transitions-fade": {
			"version": "1.0.0",
			"resolved": "https://registry.npmjs.org/svelte-transitions-fade/-/svelte-transitions-fade-1.0.0.tgz",
			"integrity": "sha1-2+FSDfH1tTcL1hr+/Gfy0v/2MwM="
		},
		"svelte-transitions-fly": {
			"version": "1.0.4",
			"resolved": "https://registry.npmjs.org/svelte-transitions-fly/-/svelte-transitions-fly-1.0.4.tgz",
			"integrity": "sha512-OIVVCloqOQZY1GNVMhCP2StWkKrd+FDiZuD/+SSyN+eWhhwaA+C/kfeYGHQMCC0wPsVCPv9fottojPQKeMVdDA==",
			"requires": {
				"eases-jsnext": "^1.0.9"
			}
		},
		"svelte-transitions-scale": {
			"version": "git://github.com/ekhaled/svelte-transitions-scale.git#533511014b53d9b3cfd53c6b32e7ff298286a737",
			"from": "git://github.com/ekhaled/svelte-transitions-scale.git#v0.9.0",
			"requires": {
				"eases-jsnext": "^1.0.9"
			}
		},
		"svelte-transitions-slide": {
			"version": "1.0.0",
			"resolved": "https://registry.npmjs.org/svelte-transitions-slide/-/svelte-transitions-slide-1.0.0.tgz",
			"integrity": "sha1-FQ3Zy455+p4vJQ4ZjH1plgvyGZQ=",
			"requires": {
				"eases-jsnext": "^1.0.9"
			}
		}
	}
}
