{
  "name": "@kws3/searchable-select",
  "version": "0.1.6",
  "lockfileVersion": 1,
  "requires": true,
  "dependencies": {
    "@kws3/keyboard-event-handlers": {
      "version": "0.0.4",
      "resolved": "https://npm.kws3.media/@kws3%2fkeyboard-event-handlers/-/keyboard-event-handlers-0.0.4.tgz",
      "integrity": "sha512-rHLgavGttavke+s6vcnu5k8nqYUU3m3xVk+9boCTZguA13OkGKCR2UYpUw1jFu+BjbF9lLOCpZSBR8FKg7A8jw=="
    },
    "@kws3/utils": {
      "version": "0.5.2",
      "resolved": "https://npm.kws3.media/@kws3%2futils/-/utils-0.5.2.tgz",
      "integrity": "sha512-qi9cR1Xz/gMfslqqrHYDXeehj4SZ+4oTjNtYP5sjmMGNrXiPnR3qZNTPYO8WI+oy2iah5FTUN1NrEC01BcJ+7Q=="
    }
  }
}
