{
  "name": "@kws3/searchable-select",
  "version": "0.1.2",
  "lockfileVersion": 1,
  "requires": true,
  "dependencies": {
    "@kws3/keyboard-event-handlers": {
      "version": "0.0.1",
      "resolved": "https://npm.kws3.media/@kws3%2fkeyboard-event-handlers/-/keyboard-event-handlers-0.0.1.tgz",
      "integrity": "sha512-EJE3vN0v7xVzbPf/bQhjABv95n9ZHpypbUMh7CffFVb8NewuMKF0+/J8PoZGC0RONTPqUxhFrx0zumfL78pHLg=="
    },
    "@kws3/utils": {
      "version": "0.0.1",
      "resolved": "https://npm.kws3.media/@kws3%2futils/-/utils-0.0.1.tgz",
      "integrity": "sha512-vc3s+z+hir0dkpg+BW9sOf4R6LYaReoKR869A4UHomCv6ef19Vwa8A8oUmvkvUNxmy1LWHrneqjLHnD+r7pDSA=="
    }
  }
}
